
Microsoft Visual Studio Solution File, Format Version 12.00
# Visual Studio Version 16
VisualStudioVersion = 16.0.32126.315
MinimumVisualStudioVersion = 10.0.40219.1
Project("{FAE04EC0-301F-11D3-BF4B-00C04F79EFBC}") = "BerkeleyCollege", "BerkeleyCollege.csproj", "{0F5B97C7-AD17-4ACC-8E6B-415BA6135695}"
EndProject
Global
	GlobalSection(SolutionConfigurationPlatforms) = preSolution
		Debug|Any CPU = Debug|Any CPU
		Release|Any CPU = Release|Any CPU
	EndGlobalSection
	GlobalSection(ProjectConfigurationPlatforms) = postSolution
		{0F5B97C7-AD17-4ACC-8E6B-415BA6135695}.Debug|Any CPU.ActiveCfg = Debug|Any CPU
		{0F5B97C7-AD17-4ACC-8E6B-415BA6135695}.Debug|Any CPU.Build.0 = Debug|Any CPU
		{0F5B97C7-AD17-4ACC-8E6B-415BA6135695}.Release|Any CPU.ActiveCfg = Release|Any CPU
		{0F5B97C7-AD17-4ACC-8E6B-415BA6135695}.Release|Any CPU.Build.0 = Release|Any CPU
	EndGlobalSection
	GlobalSection(SolutionProperties) = preSolution
		HideSolutionNode = FALSE
	EndGlobalSection
	GlobalSection(ExtensibilityGlobals) = postSolution
		SolutionGuid = {27FBB425-3470-486D-81F6-344FCE057BB2}
	EndGlobalSection
EndGlobal
